// !$*UTF8*$!
{
	archiveVersion = 1;
	classes = {
	};
	objectVersion = 46;
	objects = {

/* Begin PBXBuildFile section */
		9A86D0E21BA783AD00DCC39B /* Doctor.m in Sources */ = {isa = PBXBuildFile; fileRef = 9A86D0E11BA783AD00DCC39B /* Doctor.m */; };
		9A8960C31BA80E9100668DDE /* Businessman.m in Sources */ = {isa = PBXBuildFile; fileRef = 9A8960C21BA80E9100668DDE /* Businessman.m */; };
		9A8960C61BA80FA900668DDE /* Pensioner.m in Sources */ = {isa = PBXBuildFile; fileRef = 9A8960C51BA80FA900668DDE /* Pensioner.m */; };
		9AAACA1B1BA6C239007F62BA /* main.m in Sources */ = {isa = PBXBuildFile; fileRef = 9AAACA1A1BA6C239007F62BA /* main.m */; };
		9AAACA1E1BA6C239007F62BA /* AppDelegate.m in Sources */ = {isa = PBXBuildFile; fileRef = 9AAACA1D1BA6C239007F62BA /* AppDelegate.m */; };
		9AAACA211BA6C239007F62BA /* ViewController.m in Sources */ = {isa = PBXBuildFile; fileRef = 9AAACA201BA6C239007F62BA /* ViewController.m */; };
		9AAACA241BA6C239007F62BA /* Main.storyboard in Resources */ = {isa = PBXBuildFile; fileRef = 9AAACA221BA6C239007F62BA /* Main.storyboard */; };
		9AAACA261BA6C239007F62BA /* Images.xcassets in Resources */ = {isa = PBXBuildFile; fileRef = 9AAACA251BA6C239007F62BA /* Images.xcassets */; };
		9AAACA291BA6C239007F62BA /* LaunchScreen.xib in Resources */ = {isa = PBXBuildFile; fileRef = 9AAACA271BA6C239007F62BA /* LaunchScreen.xib */; };
		9AAACA351BA6C239007F62BA /* NotificationTestTests.m in Sources */ = {isa = PBXBuildFile; fileRef = 9AAACA341BA6C239007F62BA /* NotificationTestTests.m */; };
		9AAACA401BA6C812007F62BA /* Goverment.m in Sources */ = {isa = PBXBuildFile; fileRef = 9AAACA3F1BA6C812007F62BA /* Goverment.m */; };
/* End PBXBuildFile section */

/* Begin PBXContainerItemProxy section */
		9AAACA2F1BA6C239007F62BA /* PBXContainerItemProxy */ = {
			isa = PBXContainerItemProxy;
			containerPortal = 9AAACA0D1BA6C239007F62BA /* Project object */;
			proxyType = 1;
			remoteGlobalIDString = 9AAACA141BA6C239007F62BA;
			remoteInfo = NotificationTest;
		};
/* End PBXContainerItemProxy section */

/* Begin PBXFileReference section */
		9A86D0E01BA783AD00DCC39B /* Doctor.h */ = {isa = PBXFileReference; fileEncoding = 4; lastKnownFileType = sourcecode.c.h; path = Doctor.h; sourceTree = "<group>"; };
		9A86D0E11BA783AD00DCC39B /* Doctor.m */ = {isa = PBXFileReference; fileEncoding = 4; lastKnownFileType = sourcecode.c.objc; path = Doctor.m; sourceTree = "<group>"; };
		9A8960C11BA80E9100668DDE /* Businessman.h */ = {isa = PBXFileReference; fileEncoding = 4; lastKnownFileType = sourcecode.c.h; path = Businessman.h; sourceTree = "<group>"; };
		9A8960C21BA80E9100668DDE /* Businessman.m */ = {isa = PBXFileReference; fileEncoding = 4; lastKnownFileType = sourcecode.c.objc; path = Businessman.m; sourceTree = "<group>"; };
		9A8960C41BA80FA900668DDE /* Pensioner.h */ = {isa = PBXFileReference; fileEncoding = 4; lastKnownFileType = sourcecode.c.h; path = Pensioner.h; sourceTree = "<group>"; };
		9A8960C51BA80FA900668DDE /* Pensioner.m */ = {isa = PBXFileReference; fileEncoding = 4; lastKnownFileType = sourcecode.c.objc; path = Pensioner.m; sourceTree = "<group>"; };
		9AAACA151BA6C239007F62BA /* NotificationTest.app */ = {isa = PBXFileReference; explicitFileType = wrapper.application; includeInIndex = 0; path = NotificationTest.app; sourceTree = BUILT_PRODUCTS_DIR; };
		9AAACA191BA6C239007F62BA /* Info.plist */ = {isa = PBXFileReference; lastKnownFileType = text.plist.xml; path = Info.plist; sourceTree = "<group>"; };
		9AAACA1A1BA6C239007F62BA /* main.m */ = {isa = PBXFileReference; lastKnownFileType = sourcecode.c.objc; path = main.m; sourceTree = "<group>"; };
		9AAACA1C1BA6C239007F62BA /* AppDelegate.h */ = {isa = PBXFileReference; lastKnownFileType = sourcecode.c.h; path = AppDelegate.h; sourceTree = "<group>"; };
		9AAACA1D1BA6C239007F62BA /* AppDelegate.m */ = {isa = PBXFileReference; lastKnownFileType = sourcecode.c.objc; path = AppDelegate.m; sourceTree = "<group>"; };
		9AAACA1F1BA6C239007F62BA /* ViewController.h */ = {isa = PBXFileReference; lastKnownFileType = sourcecode.c.h; path = ViewController.h; sourceTree = "<group>"; };
		9AAACA201BA6C239007F62BA /* ViewController.m */ = {isa = PBXFileReference; lastKnownFileType = sourcecode.c.objc; path = ViewController.m; sourceTree = "<group>"; };
		9AAACA231BA6C239007F62BA /* Base */ = {isa = PBXFileReference; lastKnownFileType = file.storyboard; name = Base; path = Base.lproj/Main.storyboard; sourceTree = "<group>"; };
		9AAACA251BA6C239007F62BA /* Images.xcassets */ = {isa = PBXFileReference; lastKnownFileType = folder.assetcatalog; path = Images.xcassets; sourceTree = "<group>"; };
		9AAACA281BA6C239007F62BA /* Base */ = {isa = PBXFileReference; lastKnownFileType = file.xib; name = Base; path = Base.lproj/LaunchScreen.xib; sourceTree = "<group>"; };
		9AAACA2E1BA6C239007F62BA /* NotificationTestTests.xctest */ = {isa = PBXFileReference; explicitFileType = wrapper.cfbundle; includeInIndex = 0; path = NotificationTestTests.xctest; sourceTree = BUILT_PRODUCTS_DIR; };
		9AAACA331BA6C239007F62BA /* Info.plist */ = {isa = PBXFileReference; lastKnownFileType = text.plist.xml; path = Info.plist; sourceTree = "<group>"; };
		9AAACA341BA6C239007F62BA /* NotificationTestTests.m */ = {isa = PBXFileReference; lastKnownFileType = sourcecode.c.objc; path = NotificationTestTests.m; sourceTree = "<group>"; };
		9AAACA3E1BA6C812007F62BA /* Goverment.h */ = {isa = PBXFileReference; fileEncoding = 4; lastKnownFileType = sourcecode.c.h; path = Goverment.h; sourceTree = "<group>"; };
		9AAACA3F1BA6C812007F62BA /* Goverment.m */ = {isa = PBXFileReference; fileEncoding = 4; lastKnownFileType = sourcecode.c.objc; path = Goverment.m; sourceTree = "<group>"; };
/* End PBXFileReference section */

/* Begin PBXFrameworksBuildPhase section */
		9AAACA121BA6C239007F62BA /* Frameworks */ = {
			isa = PBXFrameworksBuildPhase;
			buildActionMask = 2147483647;
			files = (
			);
			runOnlyForDeploymentPostprocessing = 0;
		};
		9AAACA2B1BA6C239007F62BA /* Frameworks */ = {
			isa = PBXFrameworksBuildPhase;
			buildActionMask = 2147483647;
			files = (
			);
			runOnlyForDeploymentPostprocessing = 0;
		};
/* End PBXFrameworksBuildPhase section */

/* Begin PBXGroup section */
		9AAACA0C1BA6C239007F62BA = {
			isa = PBXGroup;
			children = (
				9AAACA171BA6C239007F62BA /* NotificationTest */,
				9AAACA311BA6C239007F62BA /* NotificationTestTests */,
				9AAACA161BA6C239007F62BA /* Products */,
			);
			sourceTree = "<group>";
		};
		9AAACA161BA6C239007F62BA /* Products */ = {
			isa = PBXGroup;
			children = (
				9AAACA151BA6C239007F62BA /* NotificationTest.app */,
				9AAACA2E1BA6C239007F62BA /* NotificationTestTests.xctest */,
			);
			name = Products;
			sourceTree = "<group>";
		};
		9AAACA171BA6C239007F62BA /* NotificationTest */ = {
			isa = PBXGroup;
			children = (
				9A8960C41BA80FA900668DDE /* Pensioner.h */,
				9A8960C51BA80FA900668DDE /* Pensioner.m */,
				9A8960C11BA80E9100668DDE /* Businessman.h */,
				9A8960C21BA80E9100668DDE /* Businessman.m */,
				9A86D0E01BA783AD00DCC39B /* Doctor.h */,
				9A86D0E11BA783AD00DCC39B /* Doctor.m */,
				9AAACA3E1BA6C812007F62BA /* Goverment.h */,
				9AAACA3F1BA6C812007F62BA /* Goverment.m */,
				9AAACA1C1BA6C239007F62BA /* AppDelegate.h */,
				9AAACA1D1BA6C239007F62BA /* AppDelegate.m */,
				9AAACA1F1BA6C239007F62BA /* ViewController.h */,
				9AAACA201BA6C239007F62BA /* ViewController.m */,
				9AAACA221BA6C239007F62BA /* Main.storyboard */,
				9AAACA251BA6C239007F62BA /* Images.xcassets */,
				9AAACA271BA6C239007F62BA /* LaunchScreen.xib */,
				9AAACA181BA6C239007F62BA /* Supporting Files */,
			);
			path = NotificationTest;
			sourceTree = "<group>";
		};
		9AAACA181BA6C239007F62BA /* Supporting Files */ = {
			isa = PBXGroup;
			children = (
				9AAACA191BA6C239007F62BA /* Info.plist */,
				9AAACA1A1BA6C239007F62BA /* main.m */,
			);
			name = "Supporting Files";
			sourceTree = "<group>";
		};
		9AAACA311BA6C239007F62BA /* NotificationTestTests */ = {
			isa = PBXGroup;
			children = (
				9AAACA341BA6C239007F62BA /* NotificationTestTests.m */,
				9AAACA321BA6C239007F62BA /* Supporting Files */,
			);
			path = NotificationTestTests;
			sourceTree = "<group>";
		};
		9AAACA321BA6C239007F62BA /* Supporting Files */ = {
			isa = PBXGroup;
			children = (
				9AAACA331BA6C239007F62BA /* Info.plist */,
			);
			name = "Supporting Files";
			sourceTree = "<group>";
		};
/* End PBXGroup section */

/* Begin PBXNativeTarget section */
		9AAACA141BA6C239007F62BA /* NotificationTest */ = {
			isa = PBXNativeTarget;
			buildConfigurationList = 9AAACA381BA6C239007F62BA /* Build configuration list for PBXNativeTarget "NotificationTest" */;
			buildPhases = (
				9AAACA111BA6C239007F62BA /* Sources */,
				9AAACA121BA6C239007F62BA /* Frameworks */,
				9AAACA131BA6C239007F62BA /* Resources */,
			);
			buildRules = (
			);
			dependencies = (
			);
			name = NotificationTest;
			productName = NotificationTest;
			productReference = 9AAACA151BA6C239007F62BA /* NotificationTest.app */;
			productType = "com.apple.product-type.application";
		};
		9AAACA2D1BA6C239007F62BA /* NotificationTestTests */ = {
			isa = PBXNativeTarget;
			buildConfigurationList = 9AAACA3B1BA6C239007F62BA /* Build configuration list for PBXNativeTarget "NotificationTestTests" */;
			buildPhases = (
				9AAACA2A1BA6C239007F62BA /* Sources */,
				9AAACA2B1BA6C239007F62BA /* Frameworks */,
				9AAACA2C1BA6C239007F62BA /* Resources */,
			);
			buildRules = (
			);
			dependencies = (
				9AAACA301BA6C239007F62BA /* PBXTargetDependency */,
			);
			name = NotificationTestTests;
			productName = NotificationTestTests;
			productReference = 9AAACA2E1BA6C239007F62BA /* NotificationTestTests.xctest */;
			productType = "com.apple.product-type.bundle.unit-test";
		};
/* End PBXNativeTarget section */

/* Begin PBXProject section */
		9AAACA0D1BA6C239007F62BA /* Project object */ = {
			isa = PBXProject;
			attributes = {
				LastUpgradeCheck = 0640;
				ORGANIZATIONNAME = "Nikolay Berlioz";
				TargetAttributes = {
					9AAACA141BA6C239007F62BA = {
						CreatedOnToolsVersion = 6.4;
					};
					9AAACA2D1BA6C239007F62BA = {
						CreatedOnToolsVersion = 6.4;
						TestTargetID = 9AAACA141BA6C239007F62BA;
					};
				};
			};
			buildConfigurationList = 9AAACA101BA6C239007F62BA /* Build configuration list for PBXProject "NotificationTest" */;
			compatibilityVersion = "Xcode 3.2";
			developmentRegion = English;
			hasScannedForEncodings = 0;
			knownRegions = (
				en,
				Base,
			);
			mainGroup = 9AAACA0C1BA6C239007F62BA;
			productRefGroup = 9AAACA161BA6C239007F62BA /* Products */;
			projectDirPath = "";
			projectRoot = "";
			targets = (
				9AAACA141BA6C239007F62BA /* NotificationTest */,
				9AAACA2D1BA6C239007F62BA /* NotificationTestTests */,
			);
		};
/* End PBXProject section */

/* Begin PBXResourcesBuildPhase section */
		9AAACA131BA6C239007F62BA /* Resources */ = {
			isa = PBXResourcesBuildPhase;
			buildActionMask = 2147483647;
			files = (
				9AAACA241BA6C239007F62BA /* Main.storyboard in Resources */,
				9AAACA291BA6C239007F62BA /* LaunchScreen.xib in Resources */,
				9AAACA261BA6C239007F62BA /* Images.xcassets in Resources */,
			);
			runOnlyForDeploymentPostprocessing = 0;
		};
		9AAACA2C1BA6C239007F62BA /* Resources */ = {
			isa = PBXResourcesBuildPhase;
			buildActionMask = 2147483647;
			files = (
			);
			runOnlyForDeploymentPostprocessing = 0;
		};
/* End PBXResourcesBuildPhase section */

/* Begin PBXSourcesBuildPhase section */
		9AAACA111BA6C239007F62BA /* Sources */ = {
			isa = PBXSourcesBuildPhase;
			buildActionMask = 2147483647;
			files = (
				9A8960C31BA80E9100668DDE /* Businessman.m in Sources */,
				9AAACA211BA6C239007F62BA /* ViewController.m in Sources */,
				9AAACA401BA6C812007F62BA /* Goverment.m in Sources */,
				9AAACA1E1BA6C239007F62BA /* AppDelegate.m in Sources */,
				9A8960C61BA80FA900668DDE /* Pensioner.m in Sources */,
				9AAACA1B1BA6C239007F62BA /* main.m in Sources */,
				9A86D0E21BA783AD00DCC39B /* Doctor.m in Sources */,
			);
			runOnlyForDeploymentPostprocessing = 0;
		};
		9AAACA2A1BA6C239007F62BA /* Sources */ = {
			isa = PBXSourcesBuildPhase;
			buildActionMask = 2147483647;
			files = (
				9AAACA351BA6C239007F62BA /* NotificationTestTests.m in Sources */,
			);
			runOnlyForDeploymentPostprocessing = 0;
		};
/* End PBXSourcesBuildPhase section */

/* Begin PBXTargetDependency section */
		9AAACA301BA6C239007F62BA /* PBXTargetDependency */ = {
			isa = PBXTargetDependency;
			target = 9AAACA141BA6C239007F62BA /* NotificationTest */;
			targetProxy = 9AAACA2F1BA6C239007F62BA /* PBXContainerItemProxy */;
		};
/* End PBXTargetDependency section */

/* Begin PBXVariantGroup section */
		9AAACA221BA6C239007F62BA /* Main.storyboard */ = {
			isa = PBXVariantGroup;
			children = (
				9AAACA231BA6C239007F62BA /* Base */,
			);
			name = Main.storyboard;
			sourceTree = "<group>";
		};
		9AAACA271BA6C239007F62BA /* LaunchScreen.xib */ = {
			isa = PBXVariantGroup;
			children = (
				9AAACA281BA6C239007F62BA /* Base */,
			);
			name = LaunchScreen.xib;
			sourceTree = "<group>";
		};
/* End PBXVariantGroup section */

/* Begin XCBuildConfiguration section */
		9AAACA361BA6C239007F62BA /* Debug */ = {
			isa = XCBuildConfiguration;
			buildSettings = {
				ALWAYS_SEARCH_USER_PATHS = NO;
				CLANG_CXX_LANGUAGE_STANDARD = "gnu++0x";
				CLANG_CXX_LIBRARY = "libc++";
				CLANG_ENABLE_MODULES = YES;
				CLANG_ENABLE_OBJC_ARC = YES;
				CLANG_WARN_BOOL_CONVERSION = YES;
				CLANG_WARN_CONSTANT_CONVERSION = YES;
				CLANG_WARN_DIRECT_OBJC_ISA_USAGE = YES_ERROR;
				CLANG_WARN_EMPTY_BODY = YES;
				CLANG_WARN_ENUM_CONVERSION = YES;
				CLANG_WARN_INT_CONVERSION = YES;
				CLANG_WARN_OBJC_ROOT_CLASS = YES_ERROR;
				CLANG_WARN_UNREACHABLE_CODE = YES;
				CLANG_WARN__DUPLICATE_METHOD_MATCH = YES;
				"CODE_SIGN_IDENTITY[sdk=iphoneos*]" = "iPhone Developer";
				COPY_PHASE_STRIP = NO;
				DEBUG_INFORMATION_FORMAT = "dwarf-with-dsym";
				ENABLE_STRICT_OBJC_MSGSEND = YES;
				GCC_C_LANGUAGE_STANDARD = gnu99;
				GCC_DYNAMIC_NO_PIC = NO;
				GCC_NO_COMMON_BLOCKS = YES;
				GCC_OPTIMIZATION_LEVEL = 0;
				GCC_PREPROCESSOR_DEFINITIONS = (
					"DEBUG=1",
					"$(inherited)",
				);
				GCC_SYMBOLS_PRIVATE_EXTERN = NO;
				GCC_WARN_64_TO_32_BIT_CONVERSION = YES;
				GCC_WARN_ABOUT_RETURN_TYPE = YES_ERROR;
				GCC_WARN_UNDECLARED_SELECTOR = YES;
				GCC_WARN_UNINITIALIZED_AUTOS = YES_AGGRESSIVE;
				GCC_WARN_UNUSED_FUNCTION = YES;
				GCC_WARN_UNUSED_VARIABLE = YES;
				IPHONEOS_DEPLOYMENT_TARGET = 8.4;
				MTL_ENABLE_DEBUG_INFO = YES;
				ONLY_ACTIVE_ARCH = YES;
				SDKROOT = iphoneos;
				TARGETED_DEVICE_FAMILY = "1,2";
			};
			name = Debug;
		};
		9AAACA371BA6C239007F62BA /* Release */ = {
			isa = XCBuildConfiguration;
			buildSettings = {
				ALWAYS_SEARCH_USER_PATHS = NO;
				CLANG_CXX_LANGUAGE_STANDARD = "gnu++0x";
				CLANG_CXX_LIBRARY = "libc++";
				CLANG_ENABLE_MODULES = YES;
				CLANG_ENABLE_OBJC_ARC = YES;
				CLANG_WARN_BOOL_CONVERSION = YES;
				CLANG_WARN_CONSTANT_CONVERSION = YES;
				CLANG_WARN_DIRECT_OBJC_ISA_USAGE = YES_ERROR;
				CLANG_WARN_EMPTY_BODY = YES;
				CLANG_WARN_ENUM_CONVERSION = YES;
				CLANG_WARN_INT_CONVERSION = YES;
				CLANG_WARN_OBJC_ROOT_CLASS = YES_ERROR;
				CLANG_WARN_UNREACHABLE_CODE = YES;
				CLANG_WARN__DUPLICATE_METHOD_MATCH = YES;
				"CODE_SIGN_IDENTITY[sdk=iphoneos*]" = "iPhone Developer";
				COPY_PHASE_STRIP = NO;
				DEBUG_INFORMATION_FORMAT = "dwarf-with-dsym";
				ENABLE_NS_ASSERTIONS = NO;
				ENABLE_STRICT_OBJC_MSGSEND = YES;
				GCC_C_LANGUAGE_STANDARD = gnu99;
				GCC_NO_COMMON_BLOCKS = YES;
				GCC_WARN_64_TO_32_BIT_CONVERSION = YES;
				GCC_WARN_ABOUT_RETURN_TYPE = YES_ERROR;
				GCC_WARN_UNDECLARED_SELECTOR = YES;
				GCC_WARN_UNINITIALIZED_AUTOS = YES_AGGRESSIVE;
				GCC_WARN_UNUSED_FUNCTION = YES;
				GCC_WARN_UNUSED_VARIABLE = YES;
				IPHONEOS_DEPLOYMENT_TARGET = 8.4;
				MTL_ENABLE_DEBUG_INFO = NO;
				SDKROOT = iphoneos;
				TARGETED_DEVICE_FAMILY = "1,2";
				VALIDATE_PRODUCT = YES;
			};
			name = Release;
		};
		9AAACA391BA6C239007F62BA /* Debug */ = {
			isa = XCBuildConfiguration;
			buildSettings = {
				ASSETCATALOG_COMPILER_APPICON_NAME = AppIcon;
				INFOPLIST_FILE = NotificationTest/Info.plist;
				LD_RUNPATH_SEARCH_PATHS = "$(inherited) @executable_path/Frameworks";
				PRODUCT_NAME = "$(TARGET_NAME)";
			};
			name = Debug;
		};
		9AAACA3A1BA6C239007F62BA /* Release */ = {
			isa = XCBuildConfiguration;
			buildSettings = {
				ASSETCATALOG_COMPILER_APPICON_NAME = AppIcon;
				INFOPLIST_FILE = NotificationTest/Info.plist;
				LD_RUNPATH_SEARCH_PATHS = "$(inherited) @executable_path/Frameworks";
				PRODUCT_NAME = "$(TARGET_NAME)";
			};
			name = Release;
		};
		9AAACA3C1BA6C239007F62BA /* Debug */ = {
			isa = XCBuildConfiguration;
			buildSettings = {
				BUNDLE_LOADER = "$(TEST_HOST)";
				FRAMEWORK_SEARCH_PATHS = (
					"$(SDKROOT)/Developer/Library/Frameworks",
					"$(inherited)",
				);
				GCC_PREPROCESSOR_DEFINITIONS = (
					"DEBUG=1",
					"$(inherited)",
				);
				INFOPLIST_FILE = NotificationTestTests/Info.plist;
				LD_RUNPATH_SEARCH_PATHS = "$(inherited) @executable_path/Frameworks @loader_path/Frameworks";
				PRODUCT_NAME = "$(TARGET_NAME)";
				TEST_HOST = "$(BUILT_PRODUCTS_DIR)/NotificationTest.app/NotificationTest";
			};
			name = Debug;
		};
		9AAACA3D1BA6C239007F62BA /* Release */ = {
			isa = XCBuildConfiguration;
			buildSettings = {
				BUNDLE_LOADER = "$(TEST_HOST)";
				FRAMEWORK_SEARCH_PATHS = (
					"$(SDKROOT)/Developer/Library/Frameworks",
					"$(inherited)",
				);
				INFOPLIST_FILE = NotificationTestTests/Info.plist;
				LD_RUNPATH_SEARCH_PATHS = "$(inherited) @executable_path/Frameworks @loader_path/Frameworks";
				PRODUCT_NAME = "$(TARGET_NAME)";
				TEST_HOST = "$(BUILT_PRODUCTS_DIR)/NotificationTest.app/NotificationTest";
			};
			name = Release;
		};
/* End XCBuildConfiguration section */

/* Begin XCConfigurationList section */
		9AAACA101BA6C239007F62BA /* Build configuration list for PBXProject "NotificationTest" */ = {
			isa = XCConfigurationList;
			buildConfigurations = (
				9AAACA361BA6C239007F62BA /* Debug */,
				9AAACA371BA6C239007F62BA /* Release */,
			);
			defaultConfigurationIsVisible = 0;
			defaultConfigurationName = Release;
		};
		9AAACA381BA6C239007F62BA /* Build configuration list for PBXNativeTarget "NotificationTest" */ = {
			isa = XCConfigurationList;
			buildConfigurations = (
				9AAACA391BA6C239007F62BA /* Debug */,
				9AAACA3A1BA6C239007F62BA /* Release */,
			);
			defaultConfigurationIsVisible = 0;
			defaultConfigurationName = Release;
		};
		9AAACA3B1BA6C239007F62BA /* Build configuration list for PBXNativeTarget "NotificationTestTests" */ = {
			isa = XCConfigurationList;
			buildConfigurations = (
				9AAACA3C1BA6C239007F62BA /* Debug */,
				9AAACA3D1BA6C239007F62BA /* Release */,
			);
			defaultConfigurationIsVisible = 0;
			defaultConfigurationName = Release;
		};
/* End XCConfigurationList section */
	};
	rootObject = 9AAACA0D1BA6C239007F62BA /* Project object */;
}
